# This file is autogenerated, do not edit; changes may be undone by the next 'dep ensure'.


[[projects]]
  branch = "master"
  name = "github.com/Kagami/go-face"
  packages = ["."]
  revision = "863b26a6405e66626eb474704048949ef5124236"

[[projects]]
  name = "github.com/oliamb/cutter"
  packages = ["."]
  revision = "de2952ec22155c8e68bf4ac03684b1d1d734b53c"
  version = "v0.2.2"

[[projects]]
  name = "gocv.io/x/gocv"
  packages = ["."]
  revision = "116580adca5ee7dbf8d1307c9072f5094051116f"
  version = "v0.16.0"

[solve-meta]
  analyzer-name = "dep"
  analyzer-version = 1
  inputs-digest = "ff824612ded6b92f5e8245c8a0ea4251bf86e70d4b355a00a0ced9f7a886fa8e"
  solver-name = "gps-cdcl"
  solver-version = 1
